{
    "_readme": [
        "This file locks the dependencies of your project to a known state",
        "Read more about it at https://getcomposer.org/doc/01-basic-usage.md#installing-dependencies",
        "This file is @generated automatically"
    ],
    "content-hash": "1ee2ac2046cc47c4437ef1315ac171d2",
    "packages": [
        {
            "name": "rbdwllr/reallysimplejwt",
            "version": "3.1.2",
            "source": {
                "type": "git",
                "url": "https://github.com/RobDWaller/ReallySimpleJWT.git",
                "reference": "3e849792e591fcea5bd77401ff8dce0f31e16c9a"
            },
            "dist": {
                "type": "zip",
                "url": "https://api.github.com/repos/RobDWaller/ReallySimpleJWT/zipball/3e849792e591fcea5bd77401ff8dce0f31e16c9a",
                "reference": "3e849792e591fcea5bd77401ff8dce0f31e16c9a",
                "shasum": ""
            },
            "require": {
                "php": ">=7.2.0"
            },
            "require-dev": {
                "infection/infection": "^0.14",
                "phpbench/phpbench": "^0.16",
                "phpmd/phpmd": "^2.7",
                "phpstan/phpstan": "^0.11",
                "phpunit/phpunit": "^8.0",
                "roave/backward-compatibility-check": "^3.0",
                "squizlabs/php_codesniffer": "^3.0"
            },
            "type": "library",
            "autoload": {
                "psr-4": {
                    "ReallySimpleJWT\\": "src/"
                }
            },
            "notification-url": "https://packagist.org/downloads/",
            "license": [
                "MIT"
            ],
            "authors": [
                {
                    "name": "Rob Waller",
                    "email": "rdwaller1984@gmail.com"
                }
            ],
            "description": "A really simple library to generate user authentication JSON Web Tokens.",
            "keywords": [
                "Authentication",
                "json",
                "json web tokens",
                "jwt",
                "php",
                "tokens"
            ],
            "support": {
                "issues": "https://github.com/RobDWaller/ReallySimpleJWT/issues",
                "source": "https://github.com/RobDWaller/ReallySimpleJWT/tree/3.1.2"
            },
            "time": "2021-04-06T16:13:14+00:00"
        }
    ],
    "packages-dev": [],
    "aliases": [],
    "minimum-stability": "alpha",
    "stability-flags": [],
    "prefer-stable": false,
    "prefer-lowest": false,
    "platform": [],
    "platform-dev": [],
    "plugin-api-version": "2.0.0"
}
